
Microsoft Visual Studio Solution File, Format Version 12.00
# Visual Studio Version 17
VisualStudioVersion = 17.2.32616.157
MinimumVisualStudioVersion = 10.0.40219.1
Project("{9A19103F-16F7-4668-BE54-9A1E7A4F7556}") = "TwitterCloneBackend.DDD", "TwitterCloneBackend.DDD\TwitterCloneBackend.DDD.csproj", "{9F363805-CD9A-4E8E-87E5-CF9E3C2EF063}"
EndProject
Project("{9A19103F-16F7-4668-BE54-9A1E7A4F7556}") = "TwitterCloneClient.Producer", "TwitterCloneClient.Producer\TwitterCloneClient.Producer.csproj", "{DBEDE3C5-2B58-4042-A142-B593EF122A14}"
	ProjectSection(ProjectDependencies) = postProject
		{E69BF4B0-D129-4C73-9DD6-D9FD90057B92} = {E69BF4B0-D129-4C73-9DD6-D9FD90057B92}
	EndProjectSection
EndProject
Project("{9A19103F-16F7-4668-BE54-9A1E7A4F7556}") = "TwitterCloneBackend.Tests", "TwitterCloneBackend.Tests\TwitterCloneBackend.Tests.csproj", "{F58BA923-E858-4A32-B927-58CCEB68D0C4}"
EndProject
Project("{9A19103F-16F7-4668-BE54-9A1E7A4F7556}") = "TwitterCloneClient.Tests", "TwitterCloneClient.Tests\TwitterCloneClient.Tests.csproj", "{7175127F-5071-4FB7-8190-C4648BAB005A}"
EndProject
Project("{9A19103F-16F7-4668-BE54-9A1E7A4F7556}") = "TwitterCloneBackend.Services", "TwitterCloneBackend.Services\TwitterCloneBackend.Services.csproj", "{4655149A-797B-47D3-89FC-F6D71E46EC37}"
EndProject
Project("{9A19103F-16F7-4668-BE54-9A1E7A4F7556}") = "TwitterCloneClient.Consumer", "TwitterCloneClient.Consumer\TwitterCloneClient.Consumer.csproj", "{E69BF4B0-D129-4C73-9DD6-D9FD90057B92}"
EndProject
Project("{9A19103F-16F7-4668-BE54-9A1E7A4F7556}") = "TwitterClone.Web.API", "TwitterClone.Web.API\TwitterClone.Web.API.csproj", "{609944C2-17D8-4C24-BBE8-FDB37C40A399}"
EndProject
Global
	GlobalSection(SolutionConfigurationPlatforms) = preSolution
		Debug|Any CPU = Debug|Any CPU
		Release|Any CPU = Release|Any CPU
	EndGlobalSection
	GlobalSection(ProjectConfigurationPlatforms) = postSolution
		{9F363805-CD9A-4E8E-87E5-CF9E3C2EF063}.Debug|Any CPU.ActiveCfg = Debug|Any CPU
		{9F363805-CD9A-4E8E-87E5-CF9E3C2EF063}.Debug|Any CPU.Build.0 = Debug|Any CPU
		{9F363805-CD9A-4E8E-87E5-CF9E3C2EF063}.Release|Any CPU.ActiveCfg = Release|Any CPU
		{9F363805-CD9A-4E8E-87E5-CF9E3C2EF063}.Release|Any CPU.Build.0 = Release|Any CPU
		{DBEDE3C5-2B58-4042-A142-B593EF122A14}.Debug|Any CPU.ActiveCfg = Debug|Any CPU
		{DBEDE3C5-2B58-4042-A142-B593EF122A14}.Debug|Any CPU.Build.0 = Debug|Any CPU
		{DBEDE3C5-2B58-4042-A142-B593EF122A14}.Release|Any CPU.ActiveCfg = Release|Any CPU
		{DBEDE3C5-2B58-4042-A142-B593EF122A14}.Release|Any CPU.Build.0 = Release|Any CPU
		{F58BA923-E858-4A32-B927-58CCEB68D0C4}.Debug|Any CPU.ActiveCfg = Debug|Any CPU
		{F58BA923-E858-4A32-B927-58CCEB68D0C4}.Debug|Any CPU.Build.0 = Debug|Any CPU
		{F58BA923-E858-4A32-B927-58CCEB68D0C4}.Release|Any CPU.ActiveCfg = Release|Any CPU
		{F58BA923-E858-4A32-B927-58CCEB68D0C4}.Release|Any CPU.Build.0 = Release|Any CPU
		{7175127F-5071-4FB7-8190-C4648BAB005A}.Debug|Any CPU.ActiveCfg = Debug|Any CPU
		{7175127F-5071-4FB7-8190-C4648BAB005A}.Debug|Any CPU.Build.0 = Debug|Any CPU
		{7175127F-5071-4FB7-8190-C4648BAB005A}.Release|Any CPU.ActiveCfg = Release|Any CPU
		{7175127F-5071-4FB7-8190-C4648BAB005A}.Release|Any CPU.Build.0 = Release|Any CPU
		{4655149A-797B-47D3-89FC-F6D71E46EC37}.Debug|Any CPU.ActiveCfg = Debug|Any CPU
		{4655149A-797B-47D3-89FC-F6D71E46EC37}.Debug|Any CPU.Build.0 = Debug|Any CPU
		{4655149A-797B-47D3-89FC-F6D71E46EC37}.Release|Any CPU.ActiveCfg = Release|Any CPU
		{4655149A-797B-47D3-89FC-F6D71E46EC37}.Release|Any CPU.Build.0 = Release|Any CPU
		{E69BF4B0-D129-4C73-9DD6-D9FD90057B92}.Debug|Any CPU.ActiveCfg = Debug|Any CPU
		{E69BF4B0-D129-4C73-9DD6-D9FD90057B92}.Debug|Any CPU.Build.0 = Debug|Any CPU
		{E69BF4B0-D129-4C73-9DD6-D9FD90057B92}.Release|Any CPU.ActiveCfg = Release|Any CPU
		{E69BF4B0-D129-4C73-9DD6-D9FD90057B92}.Release|Any CPU.Build.0 = Release|Any CPU
		{609944C2-17D8-4C24-BBE8-FDB37C40A399}.Debug|Any CPU.ActiveCfg = Debug|Any CPU
		{609944C2-17D8-4C24-BBE8-FDB37C40A399}.Debug|Any CPU.Build.0 = Debug|Any CPU
		{609944C2-17D8-4C24-BBE8-FDB37C40A399}.Release|Any CPU.ActiveCfg = Release|Any CPU
		{609944C2-17D8-4C24-BBE8-FDB37C40A399}.Release|Any CPU.Build.0 = Release|Any CPU
	EndGlobalSection
	GlobalSection(SolutionProperties) = preSolution
		HideSolutionNode = FALSE
	EndGlobalSection
	GlobalSection(ExtensibilityGlobals) = postSolution
		SolutionGuid = {D26C48A0-A4A7-4EB5-9477-8F99B890A4C7}
	EndGlobalSection
EndGlobal
